
Microsoft Visual Studio Solution File, Format Version 12.00
# Visual Studio Express 2012 for Windows Desktop
Project("{8BC9CEB8-8B4A-11D0-8D11-00A0C91BC942}") = "C35", "C35.vcxproj", "{3752B341-2058-481A-BF77-C5DF177D7B44}"
EndProject
Global
	GlobalSection(SolutionConfigurationPlatforms) = preSolution
		Debug|Win32 = Debug|Win32
		Release|Win32 = Release|Win32
	EndGlobalSection
	GlobalSection(ProjectConfigurationPlatforms) = postSolution
		{3752B341-2058-481A-BF77-C5DF177D7B44}.Debug|Win32.ActiveCfg = Debug|Win32
		{3752B341-2058-481A-BF77-C5DF177D7B44}.Debug|Win32.Build.0 = Debug|Win32
		{3752B341-2058-481A-BF77-C5DF177D7B44}.Release|Win32.ActiveCfg = Release|Win32
		{3752B341-2058-481A-BF77-C5DF177D7B44}.Release|Win32.Build.0 = Release|Win32
	EndGlobalSection
	GlobalSection(SolutionProperties) = preSolution
		HideSolutionNode = FALSE
	EndGlobalSection
EndGlobal
