<?xml version="1.0" encoding="utf-8"?>
<Project ToolsVersion="4.0" xmlns="http://schemas.microsoft.com/developer/msbuild/2003">
  <ItemGroup>
    <Filter Include="Source Files">
      <UniqueIdentifier>{4FC737F1-C7A5-4376-A066-2A32D752A2FF}</UniqueIdentifier>
      <Extensions>cpp;c;cc;cxx;def;odl;idl;hpj;bat;asm;asmx</Extensions>
    </Filter>
    <Filter Include="Header Files">
      <UniqueIdentifier>{93995380-89BD-4b04-88EB-625FBE52EBFB}</UniqueIdentifier>
      <Extensions>h;hpp;hxx;hm;inl;inc;xsd</Extensions>
    </Filter>
    <Filter Include="Resource Files">
      <UniqueIdentifier>{67DA6AB6-F800-4c08-8B7A-83BB121AAD01}</UniqueIdentifier>
      <Extensions>rc;ico;cur;bmp;dlg;rc2;rct;bin;rgs;gif;jpg;jpeg;jpe;resx;tiff;tif;png;wav;mfcribbon-ms</Extensions>
    </Filter>
    <Filter Include="Library Files">
      <UniqueIdentifier>{bc94f1ba-4670-4799-90ce-02536cb31bed}</UniqueIdentifier>
      <Extensions>lib</Extensions>
    </Filter>
    <Filter Include="Misc">
      <UniqueIdentifier>{284be7d6-f68d-4031-9508-65a0d8ce2508}</UniqueIdentifier>
    </Filter>
  </ItemGroup>
  <ItemGroup>
    <Library Include="..\..\SDL\lib\x86\SDL.lib">
      <Filter>Library Files</Filter>
    </Library>
    <Library Include="..\..\SDL\lib\x86\SDL_draw_static.lib">
      <Filter>Library Files</Filter>
    </Library>
    <Library Include="..\..\SDL\lib\x86\SDL_ttf.lib">
      <Filter>Library Files</Filter>
    </Library>
  </ItemGroup>
  <ItemGroup>
    <ClCompile Include="src\AssetRepository.cpp">
      <Filter>Source Files</Filter>
    </ClCompile>
    <ClCompile Include="src\Main.cpp">
      <Filter>Source Files</Filter>
    </ClCompile>
    <ClCompile Include="src\FrameSystem.cpp">
      <Filter>Source Files</Filter>
    </ClCompile>
    <ClCompile Include="src\LoadScreen.cpp">
      <Filter>Source Files</Filter>
    </ClCompile>
    <ClCompile Include="src\Font.cpp">
      <Filter>Source Files</Filter>
    </ClCompile>
    <ClCompile Include="src\GameEngine.cpp">
      <Filter>Source Files</Filter>
    </ClCompile>
    <ClCompile Include="src\Board.cpp">
      <Filter>Source Files</Filter>
    </ClCompile>
    <ClCompile Include="src\Player.cpp">
      <Filter>Source Files</Filter>
    </ClCompile>
    <ClCompile Include="src\Hexagon.cpp">
      <Filter>Source Files</Filter>
    </ClCompile>
    <ClCompile Include="src\stdafx.cpp">
      <Filter>Misc</Filter>
    </ClCompile>
    <ClCompile Include="src\sdlGuiColl.cpp">
      <Filter>Misc</Filter>
    </ClCompile>
    <ClCompile Include="src\City.cpp">
      <Filter>Source Files</Filter>
    </ClCompile>
    <ClCompile Include="src\Unit.cpp">
      <Filter>Source Files</Filter>
    </ClCompile>
    <ClCompile Include="src\GUI.cpp">
      <Filter>Source Files</Filter>
    </ClCompile>
    <ClCompile Include="src\MiniMap.cpp">
      <Filter>Source Files</Filter>
    </ClCompile>
    <ClCompile Include="src\MakeFrame.cpp">
      <Filter>Source Files</Filter>
    </ClCompile>
    <ClCompile Include="src\pcxLoad.cpp">
      <Filter>Misc</Filter>
    </ClCompile>
    <ClCompile Include="src\Anim.cpp">
      <Filter>Source Files</Filter>
    </ClCompile>
    <ClCompile Include="src\resize++.cpp">
      <Filter>Misc</Filter>
    </ClCompile>
    <ClCompile Include="src\Tech.cpp">
      <Filter>Source Files</Filter>
    </ClCompile>
    <ClCompile Include="src\TSD.cpp">
      <Filter>Source Files</Filter>
    </ClCompile>
    <ClCompile Include="src\Resource.cpp">
      <Filter>Source Files</Filter>
    </ClCompile>
    <ClCompile Include="src\Menu.cpp">
      <Filter>Source Files</Filter>
    </ClCompile>
    <ClCompile Include="src\UnitAction.cpp">
      <Filter>Source Files</Filter>
    </ClCompile>
    <ClCompile Include="src\CityView.cpp">
      <Filter>Source Files</Filter>
    </ClCompile>
    <ClCompile Include="src\AI.cpp">
      <Filter>Source Files</Filter>
    </ClCompile>
    <ClCompile Include="src\LockedAnimation.cpp">
      <Filter>Source Files</Filter>
    </ClCompile>
  </ItemGroup>
  <ItemGroup>
    <ClInclude Include="inc\Anim.h">
      <Filter>Header Files</Filter>
    </ClInclude>
    <ClInclude Include="inc\AssetRepository.h">
      <Filter>Header Files</Filter>
    </ClInclude>
    <ClInclude Include="inc\Common.h">
      <Filter>Header Files</Filter>
    </ClInclude>
    <ClInclude Include="inc\FrameForwards.h">
      <Filter>Header Files</Filter>
    </ClInclude>
    <ClInclude Include="inc\FrameSystem.h">
      <Filter>Header Files</Filter>
    </ClInclude>
    <ClInclude Include="inc\Font.h">
      <Filter>Header Files</Filter>
    </ClInclude>
    <ClInclude Include="inc\GameEngine.h">
      <Filter>Header Files</Filter>
    </ClInclude>
    <ClInclude Include="inc\Board.h">
      <Filter>Header Files</Filter>
    </ClInclude>
    <ClInclude Include="inc\Player.h">
      <Filter>Header Files</Filter>
    </ClInclude>
    <ClInclude Include="inc\Hexagon.h">
      <Filter>Header Files</Filter>
    </ClInclude>
    <ClInclude Include="inc\sdlGuiColl.h">
      <Filter>Misc</Filter>
    </ClInclude>
    <ClInclude Include="inc\stdafx.h">
      <Filter>Misc</Filter>
    </ClInclude>
    <ClInclude Include="inc\Unit.h">
      <Filter>Header Files</Filter>
    </ClInclude>
    <ClInclude Include="inc\City.h">
      <Filter>Header Files</Filter>
    </ClInclude>
    <ClInclude Include="inc\Orders.h">
      <Filter>Header Files</Filter>
    </ClInclude>
    <ClInclude Include="inc\Capabilities.h">
      <Filter>Header Files</Filter>
    </ClInclude>
    <ClInclude Include="inc\GUI.h">
      <Filter>Header Files</Filter>
    </ClInclude>
    <ClInclude Include="inc\MiniMap.h">
      <Filter>Header Files</Filter>
    </ClInclude>
    <ClInclude Include="inc\MakeFrame.h">
      <Filter>Header Files</Filter>
    </ClInclude>
    <ClInclude Include="inc\resize++.h">
      <Filter>Misc</Filter>
    </ClInclude>
    <ClInclude Include="inc\Tech.h">
      <Filter>Header Files</Filter>
    </ClInclude>
    <ClInclude Include="inc\Resource.h">
      <Filter>Header Files</Filter>
    </ClInclude>
    <ClInclude Include="inc\Menu.h">
      <Filter>Header Files</Filter>
    </ClInclude>
    <ClInclude Include="inc\UnitAction.h">
      <Filter>Header Files</Filter>
    </ClInclude>
    <ClInclude Include="inc\CityView.h">
      <Filter>Header Files</Filter>
    </ClInclude>
    <ClInclude Include="inc\AI.h">
      <Filter>Header Files</Filter>
    </ClInclude>
    <ClInclude Include="inc\LockedAnimation.h">
      <Filter>Header Files</Filter>
    </ClInclude>
  </ItemGroup>
</Project>